
Microsoft Visual Studio Solution File, Format Version 12.00
# Visual Studio 15
VisualStudioVersion = 15.0.28307.757
MinimumVisualStudioVersion = 10.0.40219.1
Project("{8BC9CEB8-8B4A-11D0-8D11-00A0C91BC942}") = "HelloTriangle_VertexColor", "HelloTriangle_VertexColor\HelloTriangle_VertexColor.vcxproj", "{709C7030-F8BF-47AB-B336-8678EA40B7CF}"
EndProject
Global
	GlobalSection(SolutionConfigurationPlatforms) = preSolution
		Debug|x64 = Debug|x64
		Debug|x86 = Debug|x86
		Release|x64 = Release|x64
		Release|x86 = Release|x86
	EndGlobalSection
	GlobalSection(ProjectConfigurationPlatforms) = postSolution
		{709C7030-F8BF-47AB-B336-8678EA40B7CF}.Debug|x64.ActiveCfg = Debug|x64
		{709C7030-F8BF-47AB-B336-8678EA40B7CF}.Debug|x64.Build.0 = Debug|x64
		{709C7030-F8BF-47AB-B336-8678EA40B7CF}.Debug|x86.ActiveCfg = Debug|Win32
		{709C7030-F8BF-47AB-B336-8678EA40B7CF}.Debug|x86.Build.0 = Debug|Win32
		{709C7030-F8BF-47AB-B336-8678EA40B7CF}.Release|x64.ActiveCfg = Release|x64
		{709C7030-F8BF-47AB-B336-8678EA40B7CF}.Release|x64.Build.0 = Release|x64
		{709C7030-F8BF-47AB-B336-8678EA40B7CF}.Release|x86.ActiveCfg = Release|Win32
		{709C7030-F8BF-47AB-B336-8678EA40B7CF}.Release|x86.Build.0 = Release|Win32
	EndGlobalSection
	GlobalSection(SolutionProperties) = preSolution
		HideSolutionNode = FALSE
	EndGlobalSection
	GlobalSection(ExtensibilityGlobals) = postSolution
		SolutionGuid = {558A9412-597F-4475-AD30-86CD968610FD}
	EndGlobalSection
EndGlobal
